
Microsoft Visual Studio Solution File, Format Version 12.00
# Visual Studio 15
VisualStudioVersion = 15.0.28307.271
MinimumVisualStudioVersion = 10.0.40219.1
Project("{9A19103F-16F7-4668-BE54-9A1E7A4F7556}") = "ASR", "ASR\ASR.csproj", "{C68872C8-F4FF-4FDC-A6FE-30806A2BD7BF}"
EndProject
Project("{9A19103F-16F7-4668-BE54-9A1E7A4F7556}") = "ASR_Api", "ASR_Api\ASR_Api.csproj", "{88E3AC12-CEE5-4AA4-A224-282C6B7124F0}"
EndProject
Project("{FAE04EC0-301F-11D3-BF4B-00C04F79EFBC}") = "ASRAdmin", "ASRAdmin\ASRAdmin.csproj", "{FA1CD37F-25A3-46C2-B3CE-4EFCC8C3F898}"
EndProject
Global
	GlobalSection(SolutionConfigurationPlatforms) = preSolution
		Debug|Any CPU = Debug|Any CPU
		Release|Any CPU = Release|Any CPU
	EndGlobalSection
	GlobalSection(ProjectConfigurationPlatforms) = postSolution
		{C68872C8-F4FF-4FDC-A6FE-30806A2BD7BF}.Debug|Any CPU.ActiveCfg = Debug|Any CPU
		{C68872C8-F4FF-4FDC-A6FE-30806A2BD7BF}.Debug|Any CPU.Build.0 = Debug|Any CPU
		{C68872C8-F4FF-4FDC-A6FE-30806A2BD7BF}.Release|Any CPU.ActiveCfg = Release|Any CPU
		{C68872C8-F4FF-4FDC-A6FE-30806A2BD7BF}.Release|Any CPU.Build.0 = Release|Any CPU
		{88E3AC12-CEE5-4AA4-A224-282C6B7124F0}.Debug|Any CPU.ActiveCfg = Debug|Any CPU
		{88E3AC12-CEE5-4AA4-A224-282C6B7124F0}.Debug|Any CPU.Build.0 = Debug|Any CPU
		{88E3AC12-CEE5-4AA4-A224-282C6B7124F0}.Release|Any CPU.ActiveCfg = Release|Any CPU
		{88E3AC12-CEE5-4AA4-A224-282C6B7124F0}.Release|Any CPU.Build.0 = Release|Any CPU
		{FA1CD37F-25A3-46C2-B3CE-4EFCC8C3F898}.Debug|Any CPU.ActiveCfg = Debug|Any CPU
		{FA1CD37F-25A3-46C2-B3CE-4EFCC8C3F898}.Debug|Any CPU.Build.0 = Debug|Any CPU
		{FA1CD37F-25A3-46C2-B3CE-4EFCC8C3F898}.Release|Any CPU.ActiveCfg = Release|Any CPU
		{FA1CD37F-25A3-46C2-B3CE-4EFCC8C3F898}.Release|Any CPU.Build.0 = Release|Any CPU
	EndGlobalSection
	GlobalSection(SolutionProperties) = preSolution
		HideSolutionNode = FALSE
	EndGlobalSection
	GlobalSection(ExtensibilityGlobals) = postSolution
		SolutionGuid = {FD29142F-C388-4531-B183-21A7D2B2B22E}
	EndGlobalSection
EndGlobal
